// !$*UTF8*$!
{
	archiveVersion = 1;
	classes = {
	};
	objectVersion = 77;
	objects = {

/* Begin PBXBuildFile section */
		1B4100C50A43336FD88467C9 /* SyncTasksTab.swift in Sources */ = {isa = PBXBuildFile; fileRef = 75F5B9CC449B3A42443B1E69 /* SyncTasksTab.swift */; };
		1DAD634F2B3829A9536687C1 /* SyncEngine.swift in Sources */ = {isa = PBXBuildFile; fileRef = 1101721817B68D9FDCC83C38 /* SyncEngine.swift */; };
		21C13CD1E7883379B8147945 /* KeychainHelper.swift in Sources */ = {isa = PBXBuildFile; fileRef = 34330AC2DE1AF95341AE2396 /* KeychainHelper.swift */; };
		279857F2C5F100802EE588FE /* APIClient.swift in Sources */ = {isa = PBXBuildFile; fileRef = F1E2C14153ED8339A25D2318 /* APIClient.swift */; };
		2B88568F36CADC4599DA338C /* SyncTask.swift in Sources */ = {isa = PBXBuildFile; fileRef = A21276B1C44E0B61C8955956 /* SyncTask.swift */; };
		2ED9B6B148FE6750B1DBF826 /* FileProviderExtension.swift in Sources */ = {isa = PBXBuildFile; fileRef = D1B23A6820747CFA8BEA1964 /* FileProviderExtension.swift */; };
		3924F2D440FDA20DB7209A53 /* SQLite in Frameworks */ = {isa = PBXBuildFile; productRef = DF0B7E2AEBAF5852041A4046 /* SQLite */; };
		3E8C2BED14CC3889E99CB6B7 /* Sparkle in Frameworks */ = {isa = PBXBuildFile; productRef = 44164418F31752C621F6B67A /* Sparkle */; };
		4FE5B71D31457C6AC1BA5AAE /* AppState.swift in Sources */ = {isa = PBXBuildFile; fileRef = 5F74C8C1FCEBD361908B1935 /* AppState.swift */; };
		57CFF9CFA5E9E6683AA05A36 /* SyncDatabase.swift in Sources */ = {isa = PBXBuildFile; fileRef = 1584B409E0C60E69FD3EE564 /* SyncDatabase.swift */; };
		5A4A5121BFCF8D803956A78E /* MenuBarView.swift in Sources */ = {isa = PBXBuildFile; fileRef = 92068AE2AC3CF43472FD2719 /* MenuBarView.swift */; };
		6C28CEC8AE32102FA34F3DE0 /* GeneralTab.swift in Sources */ = {isa = PBXBuildFile; fileRef = 70702DA21BB966F6734603A7 /* GeneralTab.swift */; };
		7A88DB90FDF8F8BB0FDA8BAE /* UpdaterService.swift in Sources */ = {isa = PBXBuildFile; fileRef = 56862DE9E2BFB3086920F77A /* UpdaterService.swift */; };
		82056A4A1484FCFC8F79E52D /* FPAPIClient.swift in Sources */ = {isa = PBXBuildFile; fileRef = 1D6A705710CD5005939F3450 /* FPAPIClient.swift */; };
		A06DCBF7268A22A0D451BF7A /* FileProviderItem.swift in Sources */ = {isa = PBXBuildFile; fileRef = AA193C4380A489B50BA1C54F /* FileProviderItem.swift */; };
		A1C4F794722DF301398831AE /* AppConfig.swift in Sources */ = {isa = PBXBuildFile; fileRef = C5AE6189024BEC7F01E6741A /* AppConfig.swift */; };
		C818F7D6B61788DA20662A3A /* SQLite in Frameworks */ = {isa = PBXBuildFile; productRef = 2FB44D1DFA69201212841F41 /* SQLite */; };
		C82F3A56ED9CF97D04330CF5 /* SyncVaultFileProvider.appex in Embed Foundation Extensions */ = {isa = PBXBuildFile; fileRef = 9CBA689C79C75E0DDD8D66D8 /* SyncVaultFileProvider.appex */; settings = {ATTRIBUTES = (RemoveHeadersOnCopy, ); }; };
		C9DF29C4D68988A60C5E49B9 /* SharedConfig.swift in Sources */ = {isa = PBXBuildFile; fileRef = 6F34AFDFCBC9BAA2A547677A /* SharedConfig.swift */; };
		D586C1309BC88FB6D6A7559A /* SyncVaultApp.swift in Sources */ = {isa = PBXBuildFile; fileRef = D1724FCD439D8EDFAB32A05C /* SyncVaultApp.swift */; };
		DB327A44A1E0805BFC01C72E /* FileProviderEnumerator.swift in Sources */ = {isa = PBXBuildFile; fileRef = 0B5DF716BCC97ACDFA90DFF5 /* FileProviderEnumerator.swift */; };
		E25FCB868D5E5BA687464B22 /* ServerFile.swift in Sources */ = {isa = PBXBuildFile; fileRef = 999BDA0F83E9BC06BCEB72F5 /* ServerFile.swift */; };
		E858017E8757C9E36E52E5AC /* ConnectionTab.swift in Sources */ = {isa = PBXBuildFile; fileRef = A0C61DE67A8E8BD551AF0FE4 /* ConnectionTab.swift */; };
		EB4A8CA6F3D18A60B7E394FC /* SettingsView.swift in Sources */ = {isa = PBXBuildFile; fileRef = EF107C55783154AA71C89068 /* SettingsView.swift */; };
/* End PBXBuildFile section */

/* Begin PBXContainerItemProxy section */
		C7BB9AE29541EB8A880B6F47 /* PBXContainerItemProxy */ = {
			isa = PBXContainerItemProxy;
			containerPortal = 2C5392B97645FBD49869FA37 /* Project object */;
			proxyType = 1;
			remoteGlobalIDString = D19512B6D9728AC7937D4ED2;
			remoteInfo = SyncVaultFileProvider;
		};
/* End PBXContainerItemProxy section */

/* Begin PBXCopyFilesBuildPhase section */
		F672D144067DCA66D769D955 /* Embed Foundation Extensions */ = {
			isa = PBXCopyFilesBuildPhase;
			buildActionMask = 2147483647;
			dstPath = "";
			dstSubfolderSpec = 13;
			files = (
				C82F3A56ED9CF97D04330CF5 /* SyncVaultFileProvider.appex in Embed Foundation Extensions */,
			);
			name = "Embed Foundation Extensions";
			runOnlyForDeploymentPostprocessing = 0;
		};
/* End PBXCopyFilesBuildPhase section */

/* Begin PBXFileReference section */
		0B5DF716BCC97ACDFA90DFF5 /* FileProviderEnumerator.swift */ = {isa = PBXFileReference; lastKnownFileType = sourcecode.swift; path = FileProviderEnumerator.swift; sourceTree = "<group>"; };
		1101721817B68D9FDCC83C38 /* SyncEngine.swift */ = {isa = PBXFileReference; lastKnownFileType = sourcecode.swift; path = SyncEngine.swift; sourceTree = "<group>"; };
		1584B409E0C60E69FD3EE564 /* SyncDatabase.swift */ = {isa = PBXFileReference; lastKnownFileType = sourcecode.swift; path = SyncDatabase.swift; sourceTree = "<group>"; };
		1D6A705710CD5005939F3450 /* FPAPIClient.swift */ = {isa = PBXFileReference; lastKnownFileType = sourcecode.swift; path = FPAPIClient.swift; sourceTree = "<group>"; };
		34330AC2DE1AF95341AE2396 /* KeychainHelper.swift */ = {isa = PBXFileReference; lastKnownFileType = sourcecode.swift; path = KeychainHelper.swift; sourceTree = "<group>"; };
		56862DE9E2BFB3086920F77A /* UpdaterService.swift */ = {isa = PBXFileReference; lastKnownFileType = sourcecode.swift; path = UpdaterService.swift; sourceTree = "<group>"; };
		5F74C8C1FCEBD361908B1935 /* AppState.swift */ = {isa = PBXFileReference; lastKnownFileType = sourcecode.swift; path = AppState.swift; sourceTree = "<group>"; };
		6F34AFDFCBC9BAA2A547677A /* SharedConfig.swift */ = {isa = PBXFileReference; lastKnownFileType = sourcecode.swift; path = SharedConfig.swift; sourceTree = "<group>"; };
		70702DA21BB966F6734603A7 /* GeneralTab.swift */ = {isa = PBXFileReference; lastKnownFileType = sourcecode.swift; path = GeneralTab.swift; sourceTree = "<group>"; };
		75F5B9CC449B3A42443B1E69 /* SyncTasksTab.swift */ = {isa = PBXFileReference; lastKnownFileType = sourcecode.swift; path = SyncTasksTab.swift; sourceTree = "<group>"; };
		76463197A091E21481CFD296 /* SyncVault.entitlements */ = {isa = PBXFileReference; lastKnownFileType = text.plist.entitlements; path = SyncVault.entitlements; sourceTree = "<group>"; };
		8187B14E43A7916AFBAC1406 /* Info.plist */ = {isa = PBXFileReference; lastKnownFileType = text.plist; path = Info.plist; sourceTree = "<group>"; };
		92068AE2AC3CF43472FD2719 /* MenuBarView.swift */ = {isa = PBXFileReference; lastKnownFileType = sourcecode.swift; path = MenuBarView.swift; sourceTree = "<group>"; };
		999BDA0F83E9BC06BCEB72F5 /* ServerFile.swift */ = {isa = PBXFileReference; lastKnownFileType = sourcecode.swift; path = ServerFile.swift; sourceTree = "<group>"; };
		9CBA689C79C75E0DDD8D66D8 /* SyncVaultFileProvider.appex */ = {isa = PBXFileReference; explicitFileType = "wrapper.app-extension"; includeInIndex = 0; path = SyncVaultFileProvider.appex; sourceTree = BUILT_PRODUCTS_DIR; };
		A0C61DE67A8E8BD551AF0FE4 /* ConnectionTab.swift */ = {isa = PBXFileReference; lastKnownFileType = sourcecode.swift; path = ConnectionTab.swift; sourceTree = "<group>"; };
		A21276B1C44E0B61C8955956 /* SyncTask.swift */ = {isa = PBXFileReference; lastKnownFileType = sourcecode.swift; path = SyncTask.swift; sourceTree = "<group>"; };
		AA193C4380A489B50BA1C54F /* FileProviderItem.swift */ = {isa = PBXFileReference; lastKnownFileType = sourcecode.swift; path = FileProviderItem.swift; sourceTree = "<group>"; };
		B56E34977DB1CFE5D9017DCA /* Info.plist */ = {isa = PBXFileReference; lastKnownFileType = text.plist; path = Info.plist; sourceTree = "<group>"; };
		C1B85466CBD1CE7C10EBE1FB /* FileProvider.entitlements */ = {isa = PBXFileReference; lastKnownFileType = text.plist.entitlements; path = FileProvider.entitlements; sourceTree = "<group>"; };
		C5AE6189024BEC7F01E6741A /* AppConfig.swift */ = {isa = PBXFileReference; lastKnownFileType = sourcecode.swift; path = AppConfig.swift; sourceTree = "<group>"; };
		D1724FCD439D8EDFAB32A05C /* SyncVaultApp.swift */ = {isa = PBXFileReference; lastKnownFileType = sourcecode.swift; path = SyncVaultApp.swift; sourceTree = "<group>"; };
		D1B23A6820747CFA8BEA1964 /* FileProviderExtension.swift */ = {isa = PBXFileReference; lastKnownFileType = sourcecode.swift; path = FileProviderExtension.swift; sourceTree = "<group>"; };
		E2444AC314D23826B10AEA48 /* SyncVault.app */ = {isa = PBXFileReference; explicitFileType = wrapper.application; includeInIndex = 0; path = SyncVault.app; sourceTree = BUILT_PRODUCTS_DIR; };
		EF107C55783154AA71C89068 /* SettingsView.swift */ = {isa = PBXFileReference; lastKnownFileType = sourcecode.swift; path = SettingsView.swift; sourceTree = "<group>"; };
		F1E2C14153ED8339A25D2318 /* APIClient.swift */ = {isa = PBXFileReference; lastKnownFileType = sourcecode.swift; path = APIClient.swift; sourceTree = "<group>"; };
/* End PBXFileReference section */

/* Begin PBXFrameworksBuildPhase section */
		CCC27499F26F5CA00B661E10 /* Frameworks */ = {
			isa = PBXFrameworksBuildPhase;
			buildActionMask = 2147483647;
			files = (
				3924F2D440FDA20DB7209A53 /* SQLite in Frameworks */,
			);
			runOnlyForDeploymentPostprocessing = 0;
		};
		EDC0C2CBA058297ED6E5291D /* Frameworks */ = {
			isa = PBXFrameworksBuildPhase;
			buildActionMask = 2147483647;
			files = (
				C818F7D6B61788DA20662A3A /* SQLite in Frameworks */,
				3E8C2BED14CC3889E99CB6B7 /* Sparkle in Frameworks */,
			);
			runOnlyForDeploymentPostprocessing = 0;
		};
/* End PBXFrameworksBuildPhase section */

/* Begin PBXGroup section */
		0AF9026F3859132403D3D7ED = {
			isa = PBXGroup;
			children = (
				1B55EA91C3C514282A6703E8 /* FileProvider */,
				1D3A9D903F39470717591210 /* SyncVault */,
				A979CBC3A7D0E595254DB862 /* Products */,
			);
			sourceTree = "<group>";
		};
		1B55EA91C3C514282A6703E8 /* FileProvider */ = {
			isa = PBXGroup;
			children = (
				C1B85466CBD1CE7C10EBE1FB /* FileProvider.entitlements */,
				0B5DF716BCC97ACDFA90DFF5 /* FileProviderEnumerator.swift */,
				D1B23A6820747CFA8BEA1964 /* FileProviderExtension.swift */,
				AA193C4380A489B50BA1C54F /* FileProviderItem.swift */,
				1D6A705710CD5005939F3450 /* FPAPIClient.swift */,
				B56E34977DB1CFE5D9017DCA /* Info.plist */,
				6F34AFDFCBC9BAA2A547677A /* SharedConfig.swift */,
			);
			path = FileProvider;
			sourceTree = "<group>";
		};
		1D3A9D903F39470717591210 /* SyncVault */ = {
			isa = PBXGroup;
			children = (
				F1E2C14153ED8339A25D2318 /* APIClient.swift */,
				C5AE6189024BEC7F01E6741A /* AppConfig.swift */,
				5F74C8C1FCEBD361908B1935 /* AppState.swift */,
				A0C61DE67A8E8BD551AF0FE4 /* ConnectionTab.swift */,
				70702DA21BB966F6734603A7 /* GeneralTab.swift */,
				8187B14E43A7916AFBAC1406 /* Info.plist */,
				34330AC2DE1AF95341AE2396 /* KeychainHelper.swift */,
				92068AE2AC3CF43472FD2719 /* MenuBarView.swift */,
				999BDA0F83E9BC06BCEB72F5 /* ServerFile.swift */,
				EF107C55783154AA71C89068 /* SettingsView.swift */,
				1584B409E0C60E69FD3EE564 /* SyncDatabase.swift */,
				1101721817B68D9FDCC83C38 /* SyncEngine.swift */,
				A21276B1C44E0B61C8955956 /* SyncTask.swift */,
				75F5B9CC449B3A42443B1E69 /* SyncTasksTab.swift */,
				76463197A091E21481CFD296 /* SyncVault.entitlements */,
				D1724FCD439D8EDFAB32A05C /* SyncVaultApp.swift */,
				56862DE9E2BFB3086920F77A /* UpdaterService.swift */,
			);
			name = SyncVault;
			path = Sources/SyncVault;
			sourceTree = "<group>";
		};
		A979CBC3A7D0E595254DB862 /* Products */ = {
			isa = PBXGroup;
			children = (
				E2444AC314D23826B10AEA48 /* SyncVault.app */,
				9CBA689C79C75E0DDD8D66D8 /* SyncVaultFileProvider.appex */,
			);
			name = Products;
			sourceTree = "<group>";
		};
/* End PBXGroup section */

/* Begin PBXNativeTarget section */
		419561C4616A8D8BCF8EE1E6 /* SyncVault */ = {
			isa = PBXNativeTarget;
			buildConfigurationList = 86CC0F87DFE31CA5E083BC5F /* Build configuration list for PBXNativeTarget "SyncVault" */;
			buildPhases = (
				DE06AF8CB0D5B5C8EF4E6106 /* Sources */,
				EDC0C2CBA058297ED6E5291D /* Frameworks */,
				F672D144067DCA66D769D955 /* Embed Foundation Extensions */,
			);
			buildRules = (
			);
			dependencies = (
				2F25474016FD947F71C92F29 /* PBXTargetDependency */,
			);
			name = SyncVault;
			packageProductDependencies = (
				2FB44D1DFA69201212841F41 /* SQLite */,
				44164418F31752C621F6B67A /* Sparkle */,
			);
			productName = SyncVault;
			productReference = E2444AC314D23826B10AEA48 /* SyncVault.app */;
			productType = "com.apple.product-type.application";
		};
		D19512B6D9728AC7937D4ED2 /* SyncVaultFileProvider */ = {
			isa = PBXNativeTarget;
			buildConfigurationList = E113AA032A2AC5B27497A2E8 /* Build configuration list for PBXNativeTarget "SyncVaultFileProvider" */;
			buildPhases = (
				7F6006D3ABB9251A18222EB5 /* Sources */,
				CCC27499F26F5CA00B661E10 /* Frameworks */,
			);
			buildRules = (
			);
			dependencies = (
			);
			name = SyncVaultFileProvider;
			packageProductDependencies = (
				DF0B7E2AEBAF5852041A4046 /* SQLite */,
			);
			productName = SyncVaultFileProvider;
			productReference = 9CBA689C79C75E0DDD8D66D8 /* SyncVaultFileProvider.appex */;
			productType = "com.apple.product-type.app-extension";
		};
/* End PBXNativeTarget section */

/* Begin PBXProject section */
		2C5392B97645FBD49869FA37 /* Project object */ = {
			isa = PBXProject;
			attributes = {
				BuildIndependentTargetsInParallel = YES;
				LastUpgradeCheck = 1500;
				TargetAttributes = {
					419561C4616A8D8BCF8EE1E6 = {
						DevelopmentTeam = DE59N86W33;
						ProvisioningStyle = Automatic;
					};
					D19512B6D9728AC7937D4ED2 = {
						DevelopmentTeam = DE59N86W33;
						ProvisioningStyle = Automatic;
					};
				};
			};
			buildConfigurationList = CFBD4EF40CA2C25F0F5DDC76 /* Build configuration list for PBXProject "SyncVault" */;
			developmentRegion = en;
			hasScannedForEncodings = 0;
			knownRegions = (
				Base,
				en,
			);
			mainGroup = 0AF9026F3859132403D3D7ED;
			minimizedProjectReferenceProxies = 1;
			packageReferences = (
				F29D4868BEB347DA26E27116 /* XCRemoteSwiftPackageReference "SQLite.swift" */,
				A71FEA1FEC01020892B175E2 /* XCRemoteSwiftPackageReference "Sparkle" */,
			);
			preferredProjectObjectVersion = 77;
			productRefGroup = A979CBC3A7D0E595254DB862 /* Products */;
			projectDirPath = "";
			projectRoot = "";
			targets = (
				419561C4616A8D8BCF8EE1E6 /* SyncVault */,
				D19512B6D9728AC7937D4ED2 /* SyncVaultFileProvider */,
			);
		};
/* End PBXProject section */

/* Begin PBXSourcesBuildPhase section */
		7F6006D3ABB9251A18222EB5 /* Sources */ = {
			isa = PBXSourcesBuildPhase;
			buildActionMask = 2147483647;
			files = (
				82056A4A1484FCFC8F79E52D /* FPAPIClient.swift in Sources */,
				DB327A44A1E0805BFC01C72E /* FileProviderEnumerator.swift in Sources */,
				2ED9B6B148FE6750B1DBF826 /* FileProviderExtension.swift in Sources */,
				A06DCBF7268A22A0D451BF7A /* FileProviderItem.swift in Sources */,
				C9DF29C4D68988A60C5E49B9 /* SharedConfig.swift in Sources */,
			);
			runOnlyForDeploymentPostprocessing = 0;
		};
		DE06AF8CB0D5B5C8EF4E6106 /* Sources */ = {
			isa = PBXSourcesBuildPhase;
			buildActionMask = 2147483647;
			files = (
				279857F2C5F100802EE588FE /* APIClient.swift in Sources */,
				A1C4F794722DF301398831AE /* AppConfig.swift in Sources */,
				4FE5B71D31457C6AC1BA5AAE /* AppState.swift in Sources */,
				E858017E8757C9E36E52E5AC /* ConnectionTab.swift in Sources */,
				6C28CEC8AE32102FA34F3DE0 /* GeneralTab.swift in Sources */,
				21C13CD1E7883379B8147945 /* KeychainHelper.swift in Sources */,
				5A4A5121BFCF8D803956A78E /* MenuBarView.swift in Sources */,
				E25FCB868D5E5BA687464B22 /* ServerFile.swift in Sources */,
				EB4A8CA6F3D18A60B7E394FC /* SettingsView.swift in Sources */,
				57CFF9CFA5E9E6683AA05A36 /* SyncDatabase.swift in Sources */,
				1DAD634F2B3829A9536687C1 /* SyncEngine.swift in Sources */,
				2B88568F36CADC4599DA338C /* SyncTask.swift in Sources */,
				1B4100C50A43336FD88467C9 /* SyncTasksTab.swift in Sources */,
				D586C1309BC88FB6D6A7559A /* SyncVaultApp.swift in Sources */,
				7A88DB90FDF8F8BB0FDA8BAE /* UpdaterService.swift in Sources */,
			);
			runOnlyForDeploymentPostprocessing = 0;
		};
/* End PBXSourcesBuildPhase section */

/* Begin PBXTargetDependency section */
		2F25474016FD947F71C92F29 /* PBXTargetDependency */ = {
			isa = PBXTargetDependency;
			target = D19512B6D9728AC7937D4ED2 /* SyncVaultFileProvider */;
			targetProxy = C7BB9AE29541EB8A880B6F47 /* PBXContainerItemProxy */;
		};
/* End PBXTargetDependency section */

/* Begin XCBuildConfiguration section */
		27689ABE4A4D246408092BE9 /* Debug */ = {
			isa = XCBuildConfiguration;
			buildSettings = {
				ALWAYS_SEARCH_USER_PATHS = NO;
				CLANG_ANALYZER_NONNULL = YES;
				CLANG_ANALYZER_NUMBER_OBJECT_CONVERSION = YES_AGGRESSIVE;
				CLANG_CXX_LANGUAGE_STANDARD = "gnu++14";
				CLANG_CXX_LIBRARY = "libc++";
				CLANG_ENABLE_MODULES = YES;
				CLANG_ENABLE_OBJC_ARC = YES;
				CLANG_ENABLE_OBJC_WEAK = YES;
				CLANG_WARN_BLOCK_CAPTURE_AUTORELEASING = YES;
				CLANG_WARN_BOOL_CONVERSION = YES;
				CLANG_WARN_COMMA = YES;
				CLANG_WARN_CONSTANT_CONVERSION = YES;
				CLANG_WARN_DEPRECATED_OBJC_IMPLEMENTATIONS = YES;
				CLANG_WARN_DIRECT_OBJC_ISA_USAGE = YES_ERROR;
				CLANG_WARN_DOCUMENTATION_COMMENTS = YES;
				CLANG_WARN_EMPTY_BODY = YES;
				CLANG_WARN_ENUM_CONVERSION = YES;
				CLANG_WARN_INFINITE_RECURSION = YES;
				CLANG_WARN_INT_CONVERSION = YES;
				CLANG_WARN_NON_LITERAL_NULL_CONVERSION = YES;
				CLANG_WARN_OBJC_IMPLICIT_RETAIN_SELF = YES;
				CLANG_WARN_OBJC_LITERAL_CONVERSION = YES;
				CLANG_WARN_OBJC_ROOT_CLASS = YES_ERROR;
				CLANG_WARN_QUOTED_INCLUDE_IN_FRAMEWORK_HEADER = YES;
				CLANG_WARN_RANGE_LOOP_ANALYSIS = YES;
				CLANG_WARN_STRICT_PROTOTYPES = YES;
				CLANG_WARN_SUSPICIOUS_MOVE = YES;
				CLANG_WARN_UNGUARDED_AVAILABILITY = YES_AGGRESSIVE;
				CLANG_WARN_UNREACHABLE_CODE = YES;
				CLANG_WARN__DUPLICATE_METHOD_MATCH = YES;
				CODE_SIGN_IDENTITY = "Apple Development";
				CODE_SIGN_STYLE = Automatic;
				COPY_PHASE_STRIP = NO;
				DEBUG_INFORMATION_FORMAT = dwarf;
				DEVELOPMENT_TEAM = DE59N86W33;
				ENABLE_STRICT_OBJC_MSGSEND = YES;
				ENABLE_TESTABILITY = YES;
				GCC_C_LANGUAGE_STANDARD = gnu11;
				GCC_DYNAMIC_NO_PIC = NO;
				GCC_NO_COMMON_BLOCKS = YES;
				GCC_OPTIMIZATION_LEVEL = 0;
				GCC_PREPROCESSOR_DEFINITIONS = (
					"$(inherited)",
					"DEBUG=1",
				);
				GCC_WARN_64_TO_32_BIT_CONVERSION = YES;
				GCC_WARN_ABOUT_RETURN_TYPE = YES_ERROR;
				GCC_WARN_UNDECLARED_SELECTOR = YES;
				GCC_WARN_UNINITIALIZED_AUTOS = YES_AGGRESSIVE;
				GCC_WARN_UNUSED_FUNCTION = YES;
				GCC_WARN_UNUSED_VARIABLE = YES;
				MACOSX_DEPLOYMENT_TARGET = 26.0;
				MTL_ENABLE_DEBUG_INFO = INCLUDE_SOURCE;
				MTL_FAST_MATH = YES;
				ONLY_ACTIVE_ARCH = YES;
				PRODUCT_NAME = "$(TARGET_NAME)";
				SDKROOT = macosx;
				SWIFT_ACTIVE_COMPILATION_CONDITIONS = DEBUG;
				SWIFT_OPTIMIZATION_LEVEL = "-Onone";
				SWIFT_VERSION = 5.0;
			};
			name = Debug;
		};
		28F6D98840C0CFD5683814DF /* Release */ = {
			isa = XCBuildConfiguration;
			buildSettings = {
				ALWAYS_SEARCH_USER_PATHS = NO;
				CLANG_ANALYZER_NONNULL = YES;
				CLANG_ANALYZER_NUMBER_OBJECT_CONVERSION = YES_AGGRESSIVE;
				CLANG_CXX_LANGUAGE_STANDARD = "gnu++14";
				CLANG_CXX_LIBRARY = "libc++";
				CLANG_ENABLE_MODULES = YES;
				CLANG_ENABLE_OBJC_ARC = YES;
				CLANG_ENABLE_OBJC_WEAK = YES;
				CLANG_WARN_BLOCK_CAPTURE_AUTORELEASING = YES;
				CLANG_WARN_BOOL_CONVERSION = YES;
				CLANG_WARN_COMMA = YES;
				CLANG_WARN_CONSTANT_CONVERSION = YES;
				CLANG_WARN_DEPRECATED_OBJC_IMPLEMENTATIONS = YES;
				CLANG_WARN_DIRECT_OBJC_ISA_USAGE = YES_ERROR;
				CLANG_WARN_DOCUMENTATION_COMMENTS = YES;
				CLANG_WARN_EMPTY_BODY = YES;
				CLANG_WARN_ENUM_CONVERSION = YES;
				CLANG_WARN_INFINITE_RECURSION = YES;
				CLANG_WARN_INT_CONVERSION = YES;
				CLANG_WARN_NON_LITERAL_NULL_CONVERSION = YES;
				CLANG_WARN_OBJC_IMPLICIT_RETAIN_SELF = YES;
				CLANG_WARN_OBJC_LITERAL_CONVERSION = YES;
				CLANG_WARN_OBJC_ROOT_CLASS = YES_ERROR;
				CLANG_WARN_QUOTED_INCLUDE_IN_FRAMEWORK_HEADER = YES;
				CLANG_WARN_RANGE_LOOP_ANALYSIS = YES;
				CLANG_WARN_STRICT_PROTOTYPES = YES;
				CLANG_WARN_SUSPICIOUS_MOVE = YES;
				CLANG_WARN_UNGUARDED_AVAILABILITY = YES_AGGRESSIVE;
				CLANG_WARN_UNREACHABLE_CODE = YES;
				CLANG_WARN__DUPLICATE_METHOD_MATCH = YES;
				CODE_SIGN_IDENTITY = "Apple Development";
				CODE_SIGN_STYLE = Automatic;
				COPY_PHASE_STRIP = NO;
				DEBUG_INFORMATION_FORMAT = "dwarf-with-dsym";
				DEVELOPMENT_TEAM = DE59N86W33;
				ENABLE_NS_ASSERTIONS = NO;
				ENABLE_STRICT_OBJC_MSGSEND = YES;
				GCC_C_LANGUAGE_STANDARD = gnu11;
				GCC_NO_COMMON_BLOCKS = YES;
				GCC_WARN_64_TO_32_BIT_CONVERSION = YES;
				GCC_WARN_ABOUT_RETURN_TYPE = YES_ERROR;
				GCC_WARN_UNDECLARED_SELECTOR = YES;
				GCC_WARN_UNINITIALIZED_AUTOS = YES_AGGRESSIVE;
				GCC_WARN_UNUSED_FUNCTION = YES;
				GCC_WARN_UNUSED_VARIABLE = YES;
				MACOSX_DEPLOYMENT_TARGET = 26.0;
				MTL_ENABLE_DEBUG_INFO = NO;
				MTL_FAST_MATH = YES;
				PRODUCT_NAME = "$(TARGET_NAME)";
				SDKROOT = macosx;
				SWIFT_COMPILATION_MODE = wholemodule;
				SWIFT_OPTIMIZATION_LEVEL = "-O";
				SWIFT_VERSION = 5.0;
			};
			name = Release;
		};
		5F40EA7B1A91AFFE18E8B2DD /* Release */ = {
			isa = XCBuildConfiguration;
			buildSettings = {
				ASSETCATALOG_COMPILER_APPICON_NAME = AppIcon;
				CODE_SIGN_ENTITLEMENTS = Sources/SyncVault/SyncVault.entitlements;
				COMBINE_HIDPI_IMAGES = YES;
				ENABLE_HARDENED_RUNTIME = YES;
				INFOPLIST_FILE = Sources/SyncVault/Info.plist;
				LD_RUNPATH_SEARCH_PATHS = (
					"@executable_path/../Frameworks",
				);
				PRODUCT_BUNDLE_IDENTIFIER = com.syncvault.app;
				SDKROOT = macosx;
			};
			name = Release;
		};
		C806E36682CA9E7D731285C2 /* Debug */ = {
			isa = XCBuildConfiguration;
			buildSettings = {
				APPLICATION_EXTENSION_API_ONLY = YES;
				CODE_SIGN_ENTITLEMENTS = FileProvider/FileProvider.entitlements;
				COMBINE_HIDPI_IMAGES = YES;
				ENABLE_HARDENED_RUNTIME = YES;
				INFOPLIST_FILE = FileProvider/Info.plist;
				LD_RUNPATH_SEARCH_PATHS = (
					"@executable_path/../Frameworks",
					"@executable_path/../../../../Frameworks",
				);
				PRODUCT_BUNDLE_IDENTIFIER = com.syncvault.app.fileprovider;
				SDKROOT = macosx;
			};
			name = Debug;
		};
		EBFF514561BF1664E8C69EDB /* Debug */ = {
			isa = XCBuildConfiguration;
			buildSettings = {
				ASSETCATALOG_COMPILER_APPICON_NAME = AppIcon;
				CODE_SIGN_ENTITLEMENTS = Sources/SyncVault/SyncVault.entitlements;
				COMBINE_HIDPI_IMAGES = YES;
				ENABLE_HARDENED_RUNTIME = YES;
				INFOPLIST_FILE = Sources/SyncVault/Info.plist;
				LD_RUNPATH_SEARCH_PATHS = (
					"@executable_path/../Frameworks",
				);
				PRODUCT_BUNDLE_IDENTIFIER = com.syncvault.app;
				SDKROOT = macosx;
			};
			name = Debug;
		};
		ED3AB3DE11D77244B8728408 /* Release */ = {
			isa = XCBuildConfiguration;
			buildSettings = {
				APPLICATION_EXTENSION_API_ONLY = YES;
				CODE_SIGN_ENTITLEMENTS = FileProvider/FileProvider.entitlements;
				COMBINE_HIDPI_IMAGES = YES;
				ENABLE_HARDENED_RUNTIME = YES;
				INFOPLIST_FILE = FileProvider/Info.plist;
				LD_RUNPATH_SEARCH_PATHS = (
					"@executable_path/../Frameworks",
					"@executable_path/../../../../Frameworks",
				);
				PRODUCT_BUNDLE_IDENTIFIER = com.syncvault.app.fileprovider;
				SDKROOT = macosx;
			};
			name = Release;
		};
/* End XCBuildConfiguration section */

/* Begin XCConfigurationList section */
		86CC0F87DFE31CA5E083BC5F /* Build configuration list for PBXNativeTarget "SyncVault" */ = {
			isa = XCConfigurationList;
			buildConfigurations = (
				EBFF514561BF1664E8C69EDB /* Debug */,
				5F40EA7B1A91AFFE18E8B2DD /* Release */,
			);
			defaultConfigurationIsVisible = 0;
			defaultConfigurationName = Debug;
		};
		CFBD4EF40CA2C25F0F5DDC76 /* Build configuration list for PBXProject "SyncVault" */ = {
			isa = XCConfigurationList;
			buildConfigurations = (
				27689ABE4A4D246408092BE9 /* Debug */,
				28F6D98840C0CFD5683814DF /* Release */,
			);
			defaultConfigurationIsVisible = 0;
			defaultConfigurationName = Debug;
		};
		E113AA032A2AC5B27497A2E8 /* Build configuration list for PBXNativeTarget "SyncVaultFileProvider" */ = {
			isa = XCConfigurationList;
			buildConfigurations = (
				C806E36682CA9E7D731285C2 /* Debug */,
				ED3AB3DE11D77244B8728408 /* Release */,
			);
			defaultConfigurationIsVisible = 0;
			defaultConfigurationName = Debug;
		};
/* End XCConfigurationList section */

/* Begin XCRemoteSwiftPackageReference section */
		A71FEA1FEC01020892B175E2 /* XCRemoteSwiftPackageReference "Sparkle" */ = {
			isa = XCRemoteSwiftPackageReference;
			repositoryURL = "https://github.com/sparkle-project/Sparkle.git";
			requirement = {
				kind = upToNextMajorVersion;
				minimumVersion = 2.6.0;
			};
		};
		F29D4868BEB347DA26E27116 /* XCRemoteSwiftPackageReference "SQLite.swift" */ = {
			isa = XCRemoteSwiftPackageReference;
			repositoryURL = "https://github.com/stephencelis/SQLite.swift.git";
			requirement = {
				kind = upToNextMajorVersion;
				minimumVersion = 0.15.0;
			};
		};
/* End XCRemoteSwiftPackageReference section */

/* Begin XCSwiftPackageProductDependency section */
		2FB44D1DFA69201212841F41 /* SQLite */ = {
			isa = XCSwiftPackageProductDependency;
			package = F29D4868BEB347DA26E27116 /* XCRemoteSwiftPackageReference "SQLite.swift" */;
			productName = SQLite;
		};
		44164418F31752C621F6B67A /* Sparkle */ = {
			isa = XCSwiftPackageProductDependency;
			package = A71FEA1FEC01020892B175E2 /* XCRemoteSwiftPackageReference "Sparkle" */;
			productName = Sparkle;
		};
		DF0B7E2AEBAF5852041A4046 /* SQLite */ = {
			isa = XCSwiftPackageProductDependency;
			package = F29D4868BEB347DA26E27116 /* XCRemoteSwiftPackageReference "SQLite.swift" */;
			productName = SQLite;
		};
/* End XCSwiftPackageProductDependency section */
	};
	rootObject = 2C5392B97645FBD49869FA37 /* Project object */;
}
